// !$*UTF8*$!
{
	archiveVersion = 1;
	classes = {
	};
	objectVersion = 46;
	objects = {

/* Begin PBXBuildFile section */
		1446C77E1A9E0CA3006EFFBB /* AppDelegate.swift in Sources */ = {isa = PBXBuildFile; fileRef = 1446C77D1A9E0CA3006EFFBB /* AppDelegate.swift */; };
		1446C7801A9E0CA3006EFFBB /* ViewController.swift in Sources */ = {isa = PBXBuildFile; fileRef = 1446C77F1A9E0CA3006EFFBB /* ViewController.swift */; };
		1446C7831A9E0CA3006EFFBB /* Main.storyboard in Resources */ = {isa = PBXBuildFile; fileRef = 1446C7811A9E0CA3006EFFBB /* Main.storyboard */; };
		1446C7851A9E0CA3006EFFBB /* Images.xcassets in Resources */ = {isa = PBXBuildFile; fileRef = 1446C7841A9E0CA3006EFFBB /* Images.xcassets */; };
		1446C7881A9E0CA3006EFFBB /* LaunchScreen.xib in Resources */ = {isa = PBXBuildFile; fileRef = 1446C7861A9E0CA3006EFFBB /* LaunchScreen.xib */; };
		1446C7941A9E0CA3006EFFBB /* SnapchatCloneTests.swift in Sources */ = {isa = PBXBuildFile; fileRef = 1446C7931A9E0CA3006EFFBB /* SnapchatCloneTests.swift */; };
		1446C7A21A9E142C006EFFBB /* Bolts.framework in Frameworks */ = {isa = PBXBuildFile; fileRef = 1446C79D1A9E142C006EFFBB /* Bolts.framework */; };
		1446C7A31A9E142C006EFFBB /* Parse.framework in Frameworks */ = {isa = PBXBuildFile; fileRef = 1446C79E1A9E142C006EFFBB /* Parse.framework */; };
		1446C7A41A9E142C006EFFBB /* ParseCrashReporting.framework in Frameworks */ = {isa = PBXBuildFile; fileRef = 1446C79F1A9E142C006EFFBB /* ParseCrashReporting.framework */; };
		1446C7A51A9E142C006EFFBB /* ParseFacebookUtils.framework in Frameworks */ = {isa = PBXBuildFile; fileRef = 1446C7A01A9E142C006EFFBB /* ParseFacebookUtils.framework */; };
		1446C7A61A9E142C006EFFBB /* ParseUI.framework in Frameworks */ = {isa = PBXBuildFile; fileRef = 1446C7A11A9E142C006EFFBB /* ParseUI.framework */; };
		1446C7A81A9E1508006EFFBB /* AudioToolbox.framework in Frameworks */ = {isa = PBXBuildFile; fileRef = 1446C7A71A9E1508006EFFBB /* AudioToolbox.framework */; };
		1446C7AA1A9E1512006EFFBB /* CFNetwork.framework in Frameworks */ = {isa = PBXBuildFile; fileRef = 1446C7A91A9E1512006EFFBB /* CFNetwork.framework */; };
		1446C7AC1A9E151B006EFFBB /* CoreGraphics.framework in Frameworks */ = {isa = PBXBuildFile; fileRef = 1446C7AB1A9E151B006EFFBB /* CoreGraphics.framework */; };
		1446C7AE1A9E1525006EFFBB /* MobileCoreServices.framework in Frameworks */ = {isa = PBXBuildFile; fileRef = 1446C7AD1A9E1525006EFFBB /* MobileCoreServices.framework */; };
		1446C7B01A9E152E006EFFBB /* QuartzCore.framework in Frameworks */ = {isa = PBXBuildFile; fileRef = 1446C7AF1A9E152E006EFFBB /* QuartzCore.framework */; };
		1446C7B21A9E1537006EFFBB /* Security.framework in Frameworks */ = {isa = PBXBuildFile; fileRef = 1446C7B11A9E1537006EFFBB /* Security.framework */; };
		1446C7B41A9E153F006EFFBB /* StoreKit.framework in Frameworks */ = {isa = PBXBuildFile; fileRef = 1446C7B31A9E153F006EFFBB /* StoreKit.framework */; };
		1446C7B61A9E1548006EFFBB /* SystemConfiguration.framework in Frameworks */ = {isa = PBXBuildFile; fileRef = 1446C7B51A9E1548006EFFBB /* SystemConfiguration.framework */; };
		1446C7B81A9E1554006EFFBB /* libz.dylib in Frameworks */ = {isa = PBXBuildFile; fileRef = 1446C7B71A9E1554006EFFBB /* libz.dylib */; };
		1446C7BA1A9E1560006EFFBB /* libsqlite3.dylib in Frameworks */ = {isa = PBXBuildFile; fileRef = 1446C7B91A9E1560006EFFBB /* libsqlite3.dylib */; };
/* End PBXBuildFile section */

/* Begin PBXContainerItemProxy section */
		1446C78E1A9E0CA3006EFFBB /* PBXContainerItemProxy */ = {
			isa = PBXContainerItemProxy;
			containerPortal = 1446C7701A9E0CA3006EFFBB /* Project object */;
			proxyType = 1;
			remoteGlobalIDString = 1446C7771A9E0CA3006EFFBB;
			remoteInfo = SnapchatClone;
		};
/* End PBXContainerItemProxy section */

/* Begin PBXFileReference section */
		1446C7781A9E0CA3006EFFBB /* SnapchatClone.app */ = {isa = PBXFileReference; explicitFileType = wrapper.application; includeInIndex = 0; path = SnapchatClone.app; sourceTree = BUILT_PRODUCTS_DIR; };
		1446C77C1A9E0CA3006EFFBB /* Info.plist */ = {isa = PBXFileReference; lastKnownFileType = text.plist.xml; path = Info.plist; sourceTree = "<group>"; };
		1446C77D1A9E0CA3006EFFBB /* AppDelegate.swift */ = {isa = PBXFileReference; lastKnownFileType = sourcecode.swift; path = AppDelegate.swift; sourceTree = "<group>"; };
		1446C77F1A9E0CA3006EFFBB /* ViewController.swift */ = {isa = PBXFileReference; lastKnownFileType = sourcecode.swift; path = ViewController.swift; sourceTree = "<group>"; };
		1446C7821A9E0CA3006EFFBB /* Base */ = {isa = PBXFileReference; lastKnownFileType = file.storyboard; name = Base; path = Base.lproj/Main.storyboard; sourceTree = "<group>"; };
		1446C7841A9E0CA3006EFFBB /* Images.xcassets */ = {isa = PBXFileReference; lastKnownFileType = folder.assetcatalog; path = Images.xcassets; sourceTree = "<group>"; };
		1446C7871A9E0CA3006EFFBB /* Base */ = {isa = PBXFileReference; lastKnownFileType = file.xib; name = Base; path = Base.lproj/LaunchScreen.xib; sourceTree = "<group>"; };
		1446C78D1A9E0CA3006EFFBB /* SnapchatCloneTests.xctest */ = {isa = PBXFileReference; explicitFileType = wrapper.cfbundle; includeInIndex = 0; path = SnapchatCloneTests.xctest; sourceTree = BUILT_PRODUCTS_DIR; };
		1446C7921A9E0CA3006EFFBB /* Info.plist */ = {isa = PBXFileReference; lastKnownFileType = text.plist.xml; path = Info.plist; sourceTree = "<group>"; };
		1446C7931A9E0CA3006EFFBB /* SnapchatCloneTests.swift */ = {isa = PBXFileReference; lastKnownFileType = sourcecode.swift; path = SnapchatCloneTests.swift; sourceTree = "<group>"; };
		1446C79D1A9E142C006EFFBB /* Bolts.framework */ = {isa = PBXFileReference; lastKnownFileType = wrapper.framework; path = Bolts.framework; sourceTree = "<group>"; };
		1446C79E1A9E142C006EFFBB /* Parse.framework */ = {isa = PBXFileReference; lastKnownFileType = wrapper.framework; path = Parse.framework; sourceTree = "<group>"; };
		1446C79F1A9E142C006EFFBB /* ParseCrashReporting.framework */ = {isa = PBXFileReference; lastKnownFileType = wrapper.framework; path = ParseCrashReporting.framework; sourceTree = "<group>"; };
		1446C7A01A9E142C006EFFBB /* ParseFacebookUtils.framework */ = {isa = PBXFileReference; lastKnownFileType = wrapper.framework; path = ParseFacebookUtils.framework; sourceTree = "<group>"; };
		1446C7A11A9E142C006EFFBB /* ParseUI.framework */ = {isa = PBXFileReference; lastKnownFileType = wrapper.framework; path = ParseUI.framework; sourceTree = "<group>"; };
		1446C7A71A9E1508006EFFBB /* AudioToolbox.framework */ = {isa = PBXFileReference; lastKnownFileType = wrapper.framework; name = AudioToolbox.framework; path = System/Library/Frameworks/AudioToolbox.framework; sourceTree = SDKROOT; };
		1446C7A91A9E1512006EFFBB /* CFNetwork.framework */ = {isa = PBXFileReference; lastKnownFileType = wrapper.framework; name = CFNetwork.framework; path = System/Library/Frameworks/CFNetwork.framework; sourceTree = SDKROOT; };
		1446C7AB1A9E151B006EFFBB /* CoreGraphics.framework */ = {isa = PBXFileReference; lastKnownFileType = wrapper.framework; name = CoreGraphics.framework; path = System/Library/Frameworks/CoreGraphics.framework; sourceTree = SDKROOT; };
		1446C7AD1A9E1525006EFFBB /* MobileCoreServices.framework */ = {isa = PBXFileReference; lastKnownFileType = wrapper.framework; name = MobileCoreServices.framework; path = System/Library/Frameworks/MobileCoreServices.framework; sourceTree = SDKROOT; };
		1446C7AF1A9E152E006EFFBB /* QuartzCore.framework */ = {isa = PBXFileReference; lastKnownFileType = wrapper.framework; name = QuartzCore.framework; path = System/Library/Frameworks/QuartzCore.framework; sourceTree = SDKROOT; };
		1446C7B11A9E1537006EFFBB /* Security.framework */ = {isa = PBXFileReference; lastKnownFileType = wrapper.framework; name = Security.framework; path = System/Library/Frameworks/Security.framework; sourceTree = SDKROOT; };
		1446C7B31A9E153F006EFFBB /* StoreKit.framework */ = {isa = PBXFileReference; lastKnownFileType = wrapper.framework; name = StoreKit.framework; path = System/Library/Frameworks/StoreKit.framework; sourceTree = SDKROOT; };
		1446C7B51A9E1548006EFFBB /* SystemConfiguration.framework */ = {isa = PBXFileReference; lastKnownFileType = wrapper.framework; name = SystemConfiguration.framework; path = System/Library/Frameworks/SystemConfiguration.framework; sourceTree = SDKROOT; };
		1446C7B71A9E1554006EFFBB /* libz.dylib */ = {isa = PBXFileReference; lastKnownFileType = "compiled.mach-o.dylib"; name = libz.dylib; path = usr/lib/libz.dylib; sourceTree = SDKROOT; };
		1446C7B91A9E1560006EFFBB /* libsqlite3.dylib */ = {isa = PBXFileReference; lastKnownFileType = "compiled.mach-o.dylib"; name = libsqlite3.dylib; path = usr/lib/libsqlite3.dylib; sourceTree = SDKROOT; };
		1446C7BB1A9E15AC006EFFBB /* SnapchatClone-Bridging-Header.h */ = {isa = PBXFileReference; lastKnownFileType = sourcecode.c.h; path = "SnapchatClone-Bridging-Header.h"; sourceTree = "<group>"; };
/* End PBXFileReference section */

/* Begin PBXFrameworksBuildPhase section */
		1446C7751A9E0CA3006EFFBB /* Frameworks */ = {
			isa = PBXFrameworksBuildPhase;
			buildActionMask = 2147483647;
			files = (
				1446C7BA1A9E1560006EFFBB /* libsqlite3.dylib in Frameworks */,
				1446C7B81A9E1554006EFFBB /* libz.dylib in Frameworks */,
				1446C7B61A9E1548006EFFBB /* SystemConfiguration.framework in Frameworks */,
				1446C7B41A9E153F006EFFBB /* StoreKit.framework in Frameworks */,
				1446C7B21A9E1537006EFFBB /* Security.framework in Frameworks */,
				1446C7B01A9E152E006EFFBB /* QuartzCore.framework in Frameworks */,
				1446C7AE1A9E1525006EFFBB /* MobileCoreServices.framework in Frameworks */,
				1446C7AC1A9E151B006EFFBB /* CoreGraphics.framework in Frameworks */,
				1446C7AA1A9E1512006EFFBB /* CFNetwork.framework in Frameworks */,
				1446C7A81A9E1508006EFFBB /* AudioToolbox.framework in Frameworks */,
				1446C7A31A9E142C006EFFBB /* Parse.framework in Frameworks */,
				1446C7A41A9E142C006EFFBB /* ParseCrashReporting.framework in Frameworks */,
				1446C7A61A9E142C006EFFBB /* ParseUI.framework in Frameworks */,
				1446C7A51A9E142C006EFFBB /* ParseFacebookUtils.framework in Frameworks */,
				1446C7A21A9E142C006EFFBB /* Bolts.framework in Frameworks */,
			);
			runOnlyForDeploymentPostprocessing = 0;
		};
		1446C78A1A9E0CA3006EFFBB /* Frameworks */ = {
			isa = PBXFrameworksBuildPhase;
			buildActionMask = 2147483647;
			files = (
			);
			runOnlyForDeploymentPostprocessing = 0;
		};
/* End PBXFrameworksBuildPhase section */

/* Begin PBXGroup section */
		1446C76F1A9E0CA3006EFFBB = {
			isa = PBXGroup;
			children = (
				1446C7B91A9E1560006EFFBB /* libsqlite3.dylib */,
				1446C7B71A9E1554006EFFBB /* libz.dylib */,
				1446C7B51A9E1548006EFFBB /* SystemConfiguration.framework */,
				1446C7B31A9E153F006EFFBB /* StoreKit.framework */,
				1446C7B11A9E1537006EFFBB /* Security.framework */,
				1446C7AF1A9E152E006EFFBB /* QuartzCore.framework */,
				1446C7AD1A9E1525006EFFBB /* MobileCoreServices.framework */,
				1446C7AB1A9E151B006EFFBB /* CoreGraphics.framework */,
				1446C7A91A9E1512006EFFBB /* CFNetwork.framework */,
				1446C7A71A9E1508006EFFBB /* AudioToolbox.framework */,
				1446C77A1A9E0CA3006EFFBB /* SnapchatClone */,
				1446C7901A9E0CA3006EFFBB /* SnapchatCloneTests */,
				1446C7791A9E0CA3006EFFBB /* Products */,
				1446C7BB1A9E15AC006EFFBB /* SnapchatClone-Bridging-Header.h */,
			);
			sourceTree = "<group>";
		};
		1446C7791A9E0CA3006EFFBB /* Products */ = {
			isa = PBXGroup;
			children = (
				1446C7781A9E0CA3006EFFBB /* SnapchatClone.app */,
				1446C78D1A9E0CA3006EFFBB /* SnapchatCloneTests.xctest */,
			);
			name = Products;
			sourceTree = "<group>";
		};
		1446C77A1A9E0CA3006EFFBB /* SnapchatClone */ = {
			isa = PBXGroup;
			children = (
				1446C77D1A9E0CA3006EFFBB /* AppDelegate.swift */,
				1446C77F1A9E0CA3006EFFBB /* ViewController.swift */,
				1446C79D1A9E142C006EFFBB /* Bolts.framework */,
				1446C79E1A9E142C006EFFBB /* Parse.framework */,
				1446C79F1A9E142C006EFFBB /* ParseCrashReporting.framework */,
				1446C7A01A9E142C006EFFBB /* ParseFacebookUtils.framework */,
				1446C7A11A9E142C006EFFBB /* ParseUI.framework */,
				1446C7811A9E0CA3006EFFBB /* Main.storyboard */,
				1446C7841A9E0CA3006EFFBB /* Images.xcassets */,
				1446C7861A9E0CA3006EFFBB /* LaunchScreen.xib */,
				1446C77B1A9E0CA3006EFFBB /* Supporting Files */,
			);
			path = SnapchatClone;
			sourceTree = "<group>";
		};
		1446C77B1A9E0CA3006EFFBB /* Supporting Files */ = {
			isa = PBXGroup;
			children = (
				1446C77C1A9E0CA3006EFFBB /* Info.plist */,
			);
			name = "Supporting Files";
			sourceTree = "<group>";
		};
		1446C7901A9E0CA3006EFFBB /* SnapchatCloneTests */ = {
			isa = PBXGroup;
			children = (
				1446C7931A9E0CA3006EFFBB /* SnapchatCloneTests.swift */,
				1446C7911A9E0CA3006EFFBB /* Supporting Files */,
			);
			path = SnapchatCloneTests;
			sourceTree = "<group>";
		};
		1446C7911A9E0CA3006EFFBB /* Supporting Files */ = {
			isa = PBXGroup;
			children = (
				1446C7921A9E0CA3006EFFBB /* Info.plist */,
			);
			name = "Supporting Files";
			sourceTree = "<group>";
		};
/* End PBXGroup section */

/* Begin PBXNativeTarget section */
		1446C7771A9E0CA3006EFFBB /* SnapchatClone */ = {
			isa = PBXNativeTarget;
			buildConfigurationList = 1446C7971A9E0CA3006EFFBB /* Build configuration list for PBXNativeTarget "SnapchatClone" */;
			buildPhases = (
				1446C7741A9E0CA3006EFFBB /* Sources */,
				1446C7751A9E0CA3006EFFBB /* Frameworks */,
				1446C7761A9E0CA3006EFFBB /* Resources */,
			);
			buildRules = (
			);
			dependencies = (
			);
			name = SnapchatClone;
			productName = SnapchatClone;
			productReference = 1446C7781A9E0CA3006EFFBB /* SnapchatClone.app */;
			productType = "com.apple.product-type.application";
		};
		1446C78C1A9E0CA3006EFFBB /* SnapchatCloneTests */ = {
			isa = PBXNativeTarget;
			buildConfigurationList = 1446C79A1A9E0CA3006EFFBB /* Build configuration list for PBXNativeTarget "SnapchatCloneTests" */;
			buildPhases = (
				1446C7891A9E0CA3006EFFBB /* Sources */,
				1446C78A1A9E0CA3006EFFBB /* Frameworks */,
				1446C78B1A9E0CA3006EFFBB /* Resources */,
			);
			buildRules = (
			);
			dependencies = (
				1446C78F1A9E0CA3006EFFBB /* PBXTargetDependency */,
			);
			name = SnapchatCloneTests;
			productName = SnapchatCloneTests;
			productReference = 1446C78D1A9E0CA3006EFFBB /* SnapchatCloneTests.xctest */;
			productType = "com.apple.product-type.bundle.unit-test";
		};
/* End PBXNativeTarget section */

/* Begin PBXProject section */
		1446C7701A9E0CA3006EFFBB /* Project object */ = {
			isa = PBXProject;
			attributes = {
				LastUpgradeCheck = 0610;
				ORGANIZATIONNAME = NL33;
				TargetAttributes = {
					1446C7771A9E0CA3006EFFBB = {
						CreatedOnToolsVersion = 6.1.1;
					};
					1446C78C1A9E0CA3006EFFBB = {
						CreatedOnToolsVersion = 6.1.1;
						TestTargetID = 1446C7771A9E0CA3006EFFBB;
					};
				};
			};
			buildConfigurationList = 1446C7731A9E0CA3006EFFBB /* Build configuration list for PBXProject "SnapchatClone" */;
			compatibilityVersion = "Xcode 3.2";
			developmentRegion = English;
			hasScannedForEncodings = 0;
			knownRegions = (
				en,
				Base,
			);
			mainGroup = 1446C76F1A9E0CA3006EFFBB;
			productRefGroup = 1446C7791A9E0CA3006EFFBB /* Products */;
			projectDirPath = "";
			projectRoot = "";
			targets = (
				1446C7771A9E0CA3006EFFBB /* SnapchatClone */,
				1446C78C1A9E0CA3006EFFBB /* SnapchatCloneTests */,
			);
		};
/* End PBXProject section */

/* Begin PBXResourcesBuildPhase section */
		1446C7761A9E0CA3006EFFBB /* Resources */ = {
			isa = PBXResourcesBuildPhase;
			buildActionMask = 2147483647;
			files = (
				1446C7831A9E0CA3006EFFBB /* Main.storyboard in Resources */,
				1446C7881A9E0CA3006EFFBB /* LaunchScreen.xib in Resources */,
				1446C7851A9E0CA3006EFFBB /* Images.xcassets in Resources */,
			);
			runOnlyForDeploymentPostprocessing = 0;
		};
		1446C78B1A9E0CA3006EFFBB /* Resources */ = {
			isa = PBXResourcesBuildPhase;
			buildActionMask = 2147483647;
			files = (
			);
			runOnlyForDeploymentPostprocessing = 0;
		};
/* End PBXResourcesBuildPhase section */

/* Begin PBXSourcesBuildPhase section */
		1446C7741A9E0CA3006EFFBB /* Sources */ = {
			isa = PBXSourcesBuildPhase;
			buildActionMask = 2147483647;
			files = (
				1446C7801A9E0CA3006EFFBB /* ViewController.swift in Sources */,
				1446C77E1A9E0CA3006EFFBB /* AppDelegate.swift in Sources */,
			);
			runOnlyForDeploymentPostprocessing = 0;
		};
		1446C7891A9E0CA3006EFFBB /* Sources */ = {
			isa = PBXSourcesBuildPhase;
			buildActionMask = 2147483647;
			files = (
				1446C7941A9E0CA3006EFFBB /* SnapchatCloneTests.swift in Sources */,
			);
			runOnlyForDeploymentPostprocessing = 0;
		};
/* End PBXSourcesBuildPhase section */

/* Begin PBXTargetDependency section */
		1446C78F1A9E0CA3006EFFBB /* PBXTargetDependency */ = {
			isa = PBXTargetDependency;
			target = 1446C7771A9E0CA3006EFFBB /* SnapchatClone */;
			targetProxy = 1446C78E1A9E0CA3006EFFBB /* PBXContainerItemProxy */;
		};
/* End PBXTargetDependency section */

/* Begin PBXVariantGroup section */
		1446C7811A9E0CA3006EFFBB /* Main.storyboard */ = {
			isa = PBXVariantGroup;
			children = (
				1446C7821A9E0CA3006EFFBB /* Base */,
			);
			name = Main.storyboard;
			sourceTree = "<group>";
		};
		1446C7861A9E0CA3006EFFBB /* LaunchScreen.xib */ = {
			isa = PBXVariantGroup;
			children = (
				1446C7871A9E0CA3006EFFBB /* Base */,
			);
			name = LaunchScreen.xib;
			sourceTree = "<group>";
		};
/* End PBXVariantGroup section */

/* Begin XCBuildConfiguration section */
		1446C7951A9E0CA3006EFFBB /* Debug */ = {
			isa = XCBuildConfiguration;
			buildSettings = {
				ALWAYS_SEARCH_USER_PATHS = NO;
				CLANG_CXX_LANGUAGE_STANDARD = "gnu++0x";
				CLANG_CXX_LIBRARY = "libc++";
				CLANG_ENABLE_MODULES = YES;
				CLANG_ENABLE_OBJC_ARC = YES;
				CLANG_WARN_BOOL_CONVERSION = YES;
				CLANG_WARN_CONSTANT_CONVERSION = YES;
				CLANG_WARN_DIRECT_OBJC_ISA_USAGE = YES_ERROR;
				CLANG_WARN_EMPTY_BODY = YES;
				CLANG_WARN_ENUM_CONVERSION = YES;
				CLANG_WARN_INT_CONVERSION = YES;
				CLANG_WARN_OBJC_ROOT_CLASS = YES_ERROR;
				CLANG_WARN_UNREACHABLE_CODE = YES;
				CLANG_WARN__DUPLICATE_METHOD_MATCH = YES;
				"CODE_SIGN_IDENTITY[sdk=iphoneos*]" = "iPhone Developer";
				COPY_PHASE_STRIP = NO;
				ENABLE_STRICT_OBJC_MSGSEND = YES;
				GCC_C_LANGUAGE_STANDARD = gnu99;
				GCC_DYNAMIC_NO_PIC = NO;
				GCC_OPTIMIZATION_LEVEL = 0;
				GCC_PREPROCESSOR_DEFINITIONS = (
					"DEBUG=1",
					"$(inherited)",
				);
				GCC_SYMBOLS_PRIVATE_EXTERN = NO;
				GCC_WARN_64_TO_32_BIT_CONVERSION = YES;
				GCC_WARN_ABOUT_RETURN_TYPE = YES_ERROR;
				GCC_WARN_UNDECLARED_SELECTOR = YES;
				GCC_WARN_UNINITIALIZED_AUTOS = YES_AGGRESSIVE;
				GCC_WARN_UNUSED_FUNCTION = YES;
				GCC_WARN_UNUSED_VARIABLE = YES;
				IPHONEOS_DEPLOYMENT_TARGET = 8.1;
				MTL_ENABLE_DEBUG_INFO = YES;
				ONLY_ACTIVE_ARCH = YES;
				SDKROOT = iphoneos;
				SWIFT_OPTIMIZATION_LEVEL = "-Onone";
			};
			name = Debug;
		};
		1446C7961A9E0CA3006EFFBB /* Release */ = {
			isa = XCBuildConfiguration;
			buildSettings = {
				ALWAYS_SEARCH_USER_PATHS = NO;
				CLANG_CXX_LANGUAGE_STANDARD = "gnu++0x";
				CLANG_CXX_LIBRARY = "libc++";
				CLANG_ENABLE_MODULES = YES;
				CLANG_ENABLE_OBJC_ARC = YES;
				CLANG_WARN_BOOL_CONVERSION = YES;
				CLANG_WARN_CONSTANT_CONVERSION = YES;
				CLANG_WARN_DIRECT_OBJC_ISA_USAGE = YES_ERROR;
				CLANG_WARN_EMPTY_BODY = YES;
				CLANG_WARN_ENUM_CONVERSION = YES;
				CLANG_WARN_INT_CONVERSION = YES;
				CLANG_WARN_OBJC_ROOT_CLASS = YES_ERROR;
				CLANG_WARN_UNREACHABLE_CODE = YES;
				CLANG_WARN__DUPLICATE_METHOD_MATCH = YES;
				"CODE_SIGN_IDENTITY[sdk=iphoneos*]" = "iPhone Developer";
				COPY_PHASE_STRIP = YES;
				ENABLE_NS_ASSERTIONS = NO;
				ENABLE_STRICT_OBJC_MSGSEND = YES;
				GCC_C_LANGUAGE_STANDARD = gnu99;
				GCC_WARN_64_TO_32_BIT_CONVERSION = YES;
				GCC_WARN_ABOUT_RETURN_TYPE = YES_ERROR;
				GCC_WARN_UNDECLARED_SELECTOR = YES;
				GCC_WARN_UNINITIALIZED_AUTOS = YES_AGGRESSIVE;
				GCC_WARN_UNUSED_FUNCTION = YES;
				GCC_WARN_UNUSED_VARIABLE = YES;
				IPHONEOS_DEPLOYMENT_TARGET = 8.1;
				MTL_ENABLE_DEBUG_INFO = NO;
				SDKROOT = iphoneos;
				VALIDATE_PRODUCT = YES;
			};
			name = Release;
		};
		1446C7981A9E0CA3006EFFBB /* Debug */ = {
			isa = XCBuildConfiguration;
			buildSettings = {
				ASSETCATALOG_COMPILER_APPICON_NAME = AppIcon;
				CLANG_ENABLE_MODULES = YES;
				FRAMEWORK_SEARCH_PATHS = (
					"$(inherited)",
					"$(PROJECT_DIR)/SnapchatClone",
				);
				INFOPLIST_FILE = SnapchatClone/Info.plist;
				LD_RUNPATH_SEARCH_PATHS = "$(inherited) @executable_path/Frameworks";
				PRODUCT_NAME = "$(TARGET_NAME)";
				SWIFT_OBJC_BRIDGING_HEADER = "SnapchatClone-Bridging-Header.h";
				SWIFT_OPTIMIZATION_LEVEL = "-Onone";
			};
			name = Debug;
		};
		1446C7991A9E0CA3006EFFBB /* Release */ = {
			isa = XCBuildConfiguration;
			buildSettings = {
				ASSETCATALOG_COMPILER_APPICON_NAME = AppIcon;
				CLANG_ENABLE_MODULES = YES;
				FRAMEWORK_SEARCH_PATHS = (
					"$(inherited)",
					"$(PROJECT_DIR)/SnapchatClone",
				);
				INFOPLIST_FILE = SnapchatClone/Info.plist;
				LD_RUNPATH_SEARCH_PATHS = "$(inherited) @executable_path/Frameworks";
				PRODUCT_NAME = "$(TARGET_NAME)";
				SWIFT_OBJC_BRIDGING_HEADER = "SnapchatClone-Bridging-Header.h";
			};
			name = Release;
		};
		1446C79B1A9E0CA3006EFFBB /* Debug */ = {
			isa = XCBuildConfiguration;
			buildSettings = {
				BUNDLE_LOADER = "$(TEST_HOST)";
				FRAMEWORK_SEARCH_PATHS = (
					"$(SDKROOT)/Developer/Library/Frameworks",
					"$(inherited)",
				);
				GCC_PREPROCESSOR_DEFINITIONS = (
					"DEBUG=1",
					"$(inherited)",
				);
				INFOPLIST_FILE = SnapchatCloneTests/Info.plist;
				LD_RUNPATH_SEARCH_PATHS = "$(inherited) @executable_path/Frameworks @loader_path/Frameworks";
				PRODUCT_NAME = "$(TARGET_NAME)";
				TEST_HOST = "$(BUILT_PRODUCTS_DIR)/SnapchatClone.app/SnapchatClone";
			};
			name = Debug;
		};
		1446C79C1A9E0CA3006EFFBB /* Release */ = {
			isa = XCBuildConfiguration;
			buildSettings = {
				BUNDLE_LOADER = "$(TEST_HOST)";
				FRAMEWORK_SEARCH_PATHS = (
					"$(SDKROOT)/Developer/Library/Frameworks",
					"$(inherited)",
				);
				INFOPLIST_FILE = SnapchatCloneTests/Info.plist;
				LD_RUNPATH_SEARCH_PATHS = "$(inherited) @executable_path/Frameworks @loader_path/Frameworks";
				PRODUCT_NAME = "$(TARGET_NAME)";
				TEST_HOST = "$(BUILT_PRODUCTS_DIR)/SnapchatClone.app/SnapchatClone";
			};
			name = Release;
		};
/* End XCBuildConfiguration section */

/* Begin XCConfigurationList section */
		1446C7731A9E0CA3006EFFBB /* Build configuration list for PBXProject "SnapchatClone" */ = {
			isa = XCConfigurationList;
			buildConfigurations = (
				1446C7951A9E0CA3006EFFBB /* Debug */,
				1446C7961A9E0CA3006EFFBB /* Release */,
			);
			defaultConfigurationIsVisible = 0;
			defaultConfigurationName = Release;
		};
		1446C7971A9E0CA3006EFFBB /* Build configuration list for PBXNativeTarget "SnapchatClone" */ = {
			isa = XCConfigurationList;
			buildConfigurations = (
				1446C7981A9E0CA3006EFFBB /* Debug */,
				1446C7991A9E0CA3006EFFBB /* Release */,
			);
			defaultConfigurationIsVisible = 0;
		};
		1446C79A1A9E0CA3006EFFBB /* Build configuration list for PBXNativeTarget "SnapchatCloneTests" */ = {
			isa = XCConfigurationList;
			buildConfigurations = (
				1446C79B1A9E0CA3006EFFBB /* Debug */,
				1446C79C1A9E0CA3006EFFBB /* Release */,
			);
			defaultConfigurationIsVisible = 0;
		};
/* End XCConfigurationList section */
	};
	rootObject = 1446C7701A9E0CA3006EFFBB /* Project object */;
}
